
Microsoft Visual Studio Solution File, Format Version 11.00
# Visual Studio 2010
Project("{8BC9CEB8-8B4A-11D0-8D11-00A0C91BC942}") = "home", "home.vcxproj", "{695FD6BB-DBBE-4D5C-9A49-BED07F039130}"
EndProject
Global
	GlobalSection(SolutionConfigurationPlatforms) = preSolution
		Debug|Win32 = Debug|Win32
		Release|Win32 = Release|Win32
	EndGlobalSection
	GlobalSection(ProjectConfigurationPlatforms) = postSolution
		{695FD6BB-DBBE-4D5C-9A49-BED07F039130}.Debug|Win32.ActiveCfg = Debug|Win32
		{695FD6BB-DBBE-4D5C-9A49-BED07F039130}.Debug|Win32.Build.0 = Debug|Win32
		{695FD6BB-DBBE-4D5C-9A49-BED07F039130}.Release|Win32.ActiveCfg = Release|Win32
		{695FD6BB-DBBE-4D5C-9A49-BED07F039130}.Release|Win32.Build.0 = Release|Win32
	EndGlobalSection
	GlobalSection(SolutionProperties) = preSolution
		HideSolutionNode = FALSE
	EndGlobalSection
EndGlobal
