
Microsoft Visual Studio Solution File, Format Version 12.00
# Visual Studio Version 16
VisualStudioVersion = 16.0.29411.108
MinimumVisualStudioVersion = 10.0.40219.1
Project("{8BC9CEB8-8B4A-11D0-8D11-00A0C91BC942}") = "ook_rpi", "ook_rpi.vcxproj", "{3FD98FB3-366C-4D53-80B8-C2FB5925B773}"
EndProject
Global
	GlobalSection(SolutionConfigurationPlatforms) = preSolution
		Debug|x64 = Debug|x64
		Debug|x86 = Debug|x86
		Release|x64 = Release|x64
		Release|x86 = Release|x86
	EndGlobalSection
	GlobalSection(ProjectConfigurationPlatforms) = postSolution
		{3FD98FB3-366C-4D53-80B8-C2FB5925B773}.Debug|x64.ActiveCfg = Debug|x64
		{3FD98FB3-366C-4D53-80B8-C2FB5925B773}.Debug|x64.Build.0 = Debug|x64
		{3FD98FB3-366C-4D53-80B8-C2FB5925B773}.Debug|x86.ActiveCfg = Debug|Win32
		{3FD98FB3-366C-4D53-80B8-C2FB5925B773}.Debug|x86.Build.0 = Debug|Win32
		{3FD98FB3-366C-4D53-80B8-C2FB5925B773}.Release|x64.ActiveCfg = Release|x64
		{3FD98FB3-366C-4D53-80B8-C2FB5925B773}.Release|x64.Build.0 = Release|x64
		{3FD98FB3-366C-4D53-80B8-C2FB5925B773}.Release|x86.ActiveCfg = Release|Win32
		{3FD98FB3-366C-4D53-80B8-C2FB5925B773}.Release|x86.Build.0 = Release|Win32
	EndGlobalSection
	GlobalSection(SolutionProperties) = preSolution
		HideSolutionNode = FALSE
	EndGlobalSection
	GlobalSection(ExtensibilityGlobals) = postSolution
		SolutionGuid = {8CE8CB1F-A2B4-441A-B0C0-114C18289954}
	EndGlobalSection
EndGlobal
