<?xml version="1.0" encoding="utf-8"?>
<Project ToolsVersion="4.0" xmlns="http://schemas.microsoft.com/developer/msbuild/2003">
  <ItemGroup>
    <Filter Include="Source Files">
      <UniqueIdentifier>{4FC737F1-C7A5-4376-A066-2A32D752A2FF}</UniqueIdentifier>
      <Extensions>cpp;c;cc;cxx;def;odl;idl;hpj;bat;asm;asmx</Extensions>
    </Filter>
    <Filter Include="Header Files">
      <UniqueIdentifier>{93995380-89BD-4b04-88EB-625FBE52EBFB}</UniqueIdentifier>
      <Extensions>h;hh;hpp;hxx;hm;inl;inc;xsd</Extensions>
    </Filter>
    <Filter Include="Resource Files">
      <UniqueIdentifier>{67DA6AB6-F800-4c08-8B7A-83BB121AAD01}</UniqueIdentifier>
      <Extensions>rc;ico;cur;bmp;dlg;rc2;rct;bin;rgs;gif;jpg;jpeg;jpe;resx;tiff;tif;png;wav</Extensions>
    </Filter>
  </ItemGroup>
  <ItemGroup>
    <ClCompile Include="config\Config_01.c">
      <Filter>Source Files</Filter>
    </ClCompile>
    <ClCompile Include="rflink.cppp">
      <Filter>Source Files</Filter>
    </ClCompile>
  </ItemGroup>
  <ItemGroup>
    <None Include="RFLink.ino" />
  </ItemGroup>
  <ItemGroup>
    <ClInclude Include="h\deftype.h">
      <Filter>Header Files</Filter>
    </ClInclude>
    <ClInclude Include="Plugins\Plugin_001.h">
      <Filter>Header Files</Filter>
    </ClInclude>
    <ClInclude Include="Plugins\Plugin_002.h">
      <Filter>Header Files</Filter>
    </ClInclude>
    <ClInclude Include="Plugins\Plugin_003.h">
      <Filter>Header Files</Filter>
    </ClInclude>
    <ClInclude Include="Plugins\Plugin_004.h">
      <Filter>Header Files</Filter>
    </ClInclude>
    <ClInclude Include="Plugins\Plugin_005.h">
      <Filter>Header Files</Filter>
    </ClInclude>
    <ClInclude Include="Plugins\Plugin_006.h">
      <Filter>Header Files</Filter>
    </ClInclude>
    <ClInclude Include="Plugins\Plugin_007.h">
      <Filter>Header Files</Filter>
    </ClInclude>
    <ClInclude Include="Plugins\Plugin_008.h">
      <Filter>Header Files</Filter>
    </ClInclude>
    <ClInclude Include="Plugins\Plugin_009.h">
      <Filter>Header Files</Filter>
    </ClInclude>
    <ClInclude Include="Plugins\Plugin_010.h">
      <Filter>Header Files</Filter>
    </ClInclude>
    <ClInclude Include="Plugins\Plugin_011.h">
      <Filter>Header Files</Filter>
    </ClInclude>
    <ClInclude Include="Plugins\Plugin_012.h">
      <Filter>Header Files</Filter>
    </ClInclude>
    <ClInclude Include="Plugins\Plugin_013.h">
      <Filter>Header Files</Filter>
    </ClInclude>
    <ClInclude Include="Plugins\Plugin_014.h">
      <Filter>Header Files</Filter>
    </ClInclude>
    <ClInclude Include="Plugins\Plugin_015.h">
      <Filter>Header Files</Filter>
    </ClInclude>
    <ClInclude Include="Plugins\Plugin_030.h">
      <Filter>Header Files</Filter>
    </ClInclude>
    <ClInclude Include="Plugins\Plugin_031.h">
      <Filter>Header Files</Filter>
    </ClInclude>
    <ClInclude Include="Plugins\Plugin_032.h">
      <Filter>Header Files</Filter>
    </ClInclude>
    <ClInclude Include="Plugins\Plugin_033.h">
      <Filter>Header Files</Filter>
    </ClInclude>
    <ClInclude Include="Plugins\Plugin_034.h">
      <Filter>Header Files</Filter>
    </ClInclude>
    <ClInclude Include="Plugins\Plugin_035.h">
      <Filter>Header Files</Filter>
    </ClInclude>
    <ClInclude Include="Plugins\Plugin_040.h">
      <Filter>Header Files</Filter>
    </ClInclude>
    <ClInclude Include="Plugins\Plugin_041.h">
      <Filter>Header Files</Filter>
    </ClInclude>
    <ClInclude Include="Plugins\Plugin_042.h">
      <Filter>Header Files</Filter>
    </ClInclude>
    <ClInclude Include="Plugins\Plugin_043.h">
      <Filter>Header Files</Filter>
    </ClInclude>
    <ClInclude Include="Plugins\Plugin_044.h">
      <Filter>Header Files</Filter>
    </ClInclude>
    <ClInclude Include="Plugins\Plugin_045.h">
      <Filter>Header Files</Filter>
    </ClInclude>
    <ClInclude Include="Plugins\Plugin_046.h">
      <Filter>Header Files</Filter>
    </ClInclude>
    <ClInclude Include="Plugins\Plugin_048.h">
      <Filter>Header Files</Filter>
    </ClInclude>
    <ClInclude Include="Plugins\Plugin_060.h">
      <Filter>Header Files</Filter>
    </ClInclude>
    <ClInclude Include="Plugins\Plugin_061.h">
      <Filter>Header Files</Filter>
    </ClInclude>
    <ClInclude Include="Plugins\Plugin_062.h">
      <Filter>Header Files</Filter>
    </ClInclude>
    <ClInclude Include="Plugins\Plugin_063.h">
      <Filter>Header Files</Filter>
    </ClInclude>
    <ClInclude Include="Plugins\Plugin_070.h">
      <Filter>Header Files</Filter>
    </ClInclude>
    <ClInclude Include="Plugins\Plugin_071.h">
      <Filter>Header Files</Filter>
    </ClInclude>
    <ClInclude Include="Plugins\Plugin_072.h">
      <Filter>Header Files</Filter>
    </ClInclude>
    <ClInclude Include="Plugins\Plugin_073.h">
      <Filter>Header Files</Filter>
    </ClInclude>
    <ClInclude Include="Plugins\Plugin_074.h">
      <Filter>Header Files</Filter>
    </ClInclude>
    <ClInclude Include="Plugins\Plugin_075.h">
      <Filter>Header Files</Filter>
    </ClInclude>
    <ClInclude Include="Plugins\Plugin_080.h">
      <Filter>Header Files</Filter>
    </ClInclude>
    <ClInclude Include="Plugins\Plugin_081.h">
      <Filter>Header Files</Filter>
    </ClInclude>
    <ClInclude Include="Plugins\Plugin_082.h">
      <Filter>Header Files</Filter>
    </ClInclude>
    <ClInclude Include="Plugins\Plugin_090.h">
      <Filter>Header Files</Filter>
    </ClInclude>
    <ClInclude Include="Plugins\Plugin_100.h">
      <Filter>Header Files</Filter>
    </ClInclude>
    <ClInclude Include="Plugins\Plugin_101.h">
      <Filter>Header Files</Filter>
    </ClInclude>
    <ClInclude Include="Plugins\Plugin_254.h">
      <Filter>Header Files</Filter>
    </ClInclude>
    <ClInclude Include="Base.h">
      <Filter>Header Files</Filter>
    </ClInclude>
    <ClInclude Include="Misc.h">
      <Filter>Header Files</Filter>
    </ClInclude>
    <ClInclude Include="Plugin.h">
      <Filter>Header Files</Filter>
    </ClInclude>
    <ClInclude Include="RawSignal.h">
      <Filter>Header Files</Filter>
    </ClInclude>
  </ItemGroup>
</Project>